
Microsoft Visual Studio Solution File, Format Version 12.00
# Visual Studio Version 17
VisualStudioVersion = 17.4.33213.308
MinimumVisualStudioVersion = 10.0.40219.1
Project("{FAE04EC0-301F-11D3-BF4B-00C04F79EFBC}") = "Lesson 20", "Lesson 20\Lesson 20.csproj", "{C6F3F861-D3A6-462E-A313-53223BC5C09B}"
EndProject
Project("{FAE04EC0-301F-11D3-BF4B-00C04F79EFBC}") = "Lesson_20.Test", "Lesson_20.Test\Lesson_20.Test.csproj", "{EB7860D6-9B47-438D-AA2A-5B3B3A8E68DF}"
EndProject
Global
	GlobalSection(SolutionConfigurationPlatforms) = preSolution
		Debug|Any CPU = Debug|Any CPU
		Release|Any CPU = Release|Any CPU
	EndGlobalSection
	GlobalSection(ProjectConfigurationPlatforms) = postSolution
		{C6F3F861-D3A6-462E-A313-53223BC5C09B}.Debug|Any CPU.ActiveCfg = Debug|Any CPU
		{C6F3F861-D3A6-462E-A313-53223BC5C09B}.Debug|Any CPU.Build.0 = Debug|Any CPU
		{C6F3F861-D3A6-462E-A313-53223BC5C09B}.Release|Any CPU.ActiveCfg = Release|Any CPU
		{C6F3F861-D3A6-462E-A313-53223BC5C09B}.Release|Any CPU.Build.0 = Release|Any CPU
		{EB7860D6-9B47-438D-AA2A-5B3B3A8E68DF}.Debug|Any CPU.ActiveCfg = Debug|Any CPU
		{EB7860D6-9B47-438D-AA2A-5B3B3A8E68DF}.Debug|Any CPU.Build.0 = Debug|Any CPU
		{EB7860D6-9B47-438D-AA2A-5B3B3A8E68DF}.Release|Any CPU.ActiveCfg = Release|Any CPU
		{EB7860D6-9B47-438D-AA2A-5B3B3A8E68DF}.Release|Any CPU.Build.0 = Release|Any CPU
	EndGlobalSection
	GlobalSection(SolutionProperties) = preSolution
		HideSolutionNode = FALSE
	EndGlobalSection
	GlobalSection(ExtensibilityGlobals) = postSolution
		SolutionGuid = {5153B8DF-77AC-448B-9C68-CF359109C58B}
	EndGlobalSection
EndGlobal
